// !$*UTF8*$!
{
	archiveVersion = 1;
	classes = {
	};
	objectVersion = 48;
	objects = {

/* Begin PBXBuildFile section */
		354112C41F90D75C009BA67A /* AppDelegate.swift in Sources */ = {isa = PBXBuildFile; fileRef = 354112C31F90D75C009BA67A /* AppDelegate.swift */; };
		354112C61F90D75C009BA67A /* ViewController.swift in Sources */ = {isa = PBXBuildFile; fileRef = 354112C51F90D75C009BA67A /* ViewController.swift */; };
		354112C91F90D75C009BA67A /* Main.storyboard in Resources */ = {isa = PBXBuildFile; fileRef = 354112C71F90D75C009BA67A /* Main.storyboard */; };
		354112CC1F90D75C009BA67A /* weather.xcdatamodeld in Sources */ = {isa = PBXBuildFile; fileRef = 354112CA1F90D75C009BA67A /* weather.xcdatamodeld */; };
		354112D11F90D75C009BA67A /* LaunchScreen.storyboard in Resources */ = {isa = PBXBuildFile; fileRef = 354112CF1F90D75C009BA67A /* LaunchScreen.storyboard */; };
		356DD50D1FB2F4B100A37900 /* WeatherModel.swift in Sources */ = {isa = PBXBuildFile; fileRef = 356DD50C1FB2F4B100A37900 /* WeatherModel.swift */; };
		356DD50F1FB2F4C600A37900 /* Protocols.swift in Sources */ = {isa = PBXBuildFile; fileRef = 356DD50E1FB2F4C600A37900 /* Protocols.swift */; };
		356DD5111FB3174C00A37900 /* SettingsController.swift in Sources */ = {isa = PBXBuildFile; fileRef = 356DD5101FB3174C00A37900 /* SettingsController.swift */; };
		356DD51C1FB380FC00A37900 /* Assets.xcassets in Resources */ = {isa = PBXBuildFile; fileRef = 356DD51B1FB380FC00A37900 /* Assets.xcassets */; };
		35ABBD031FACA9B9000F894C /* NetworkController.swift in Sources */ = {isa = PBXBuildFile; fileRef = 35ABBD021FACA9B9000F894C /* NetworkController.swift */; };
		35FC0E661F99FFF2003B3CAF /* NavigationController.swift in Sources */ = {isa = PBXBuildFile; fileRef = 35FC0E651F99FFF2003B3CAF /* NavigationController.swift */; };
		A86924CCE642EE1D58862988 /* Pods_weather.framework in Frameworks */ = {isa = PBXBuildFile; fileRef = 882A63EF69E689B7DE65AF32 /* Pods_weather.framework */; };
/* End PBXBuildFile section */

/* Begin PBXFileReference section */
		354112C01F90D75C009BA67A /* weather.app */ = {isa = PBXFileReference; explicitFileType = wrapper.application; includeInIndex = 0; path = weather.app; sourceTree = BUILT_PRODUCTS_DIR; };
		354112C31F90D75C009BA67A /* AppDelegate.swift */ = {isa = PBXFileReference; lastKnownFileType = sourcecode.swift; path = AppDelegate.swift; sourceTree = "<group>"; };
		354112C51F90D75C009BA67A /* ViewController.swift */ = {isa = PBXFileReference; lastKnownFileType = sourcecode.swift; path = ViewController.swift; sourceTree = "<group>"; };
		354112C81F90D75C009BA67A /* Base */ = {isa = PBXFileReference; lastKnownFileType = file.storyboard; name = Base; path = Base.lproj/Main.storyboard; sourceTree = "<group>"; };
		354112CB1F90D75C009BA67A /* weather.xcdatamodel */ = {isa = PBXFileReference; lastKnownFileType = wrapper.xcdatamodel; path = weather.xcdatamodel; sourceTree = "<group>"; };
		354112D01F90D75C009BA67A /* Base */ = {isa = PBXFileReference; lastKnownFileType = file.storyboard; name = Base; path = Base.lproj/LaunchScreen.storyboard; sourceTree = "<group>"; };
		354112D21F90D75C009BA67A /* Info.plist */ = {isa = PBXFileReference; lastKnownFileType = text.plist.xml; path = Info.plist; sourceTree = "<group>"; };
		356DD50C1FB2F4B100A37900 /* WeatherModel.swift */ = {isa = PBXFileReference; lastKnownFileType = sourcecode.swift; path = WeatherModel.swift; sourceTree = "<group>"; };
		356DD50E1FB2F4C600A37900 /* Protocols.swift */ = {isa = PBXFileReference; lastKnownFileType = sourcecode.swift; path = Protocols.swift; sourceTree = "<group>"; };
		356DD5101FB3174C00A37900 /* SettingsController.swift */ = {isa = PBXFileReference; lastKnownFileType = sourcecode.swift; path = SettingsController.swift; sourceTree = "<group>"; };
		356DD51B1FB380FC00A37900 /* Assets.xcassets */ = {isa = PBXFileReference; lastKnownFileType = folder.assetcatalog; path = Assets.xcassets; sourceTree = "<group>"; };
		35ABBD021FACA9B9000F894C /* NetworkController.swift */ = {isa = PBXFileReference; lastKnownFileType = sourcecode.swift; path = NetworkController.swift; sourceTree = "<group>"; };
		35FC0E651F99FFF2003B3CAF /* NavigationController.swift */ = {isa = PBXFileReference; lastKnownFileType = sourcecode.swift; path = NavigationController.swift; sourceTree = "<group>"; };
		6F25437D5A18D6261BF96BDA /* Pods-weather.release.xcconfig */ = {isa = PBXFileReference; includeInIndex = 1; lastKnownFileType = text.xcconfig; name = "Pods-weather.release.xcconfig"; path = "Pods/Target Support Files/Pods-weather/Pods-weather.release.xcconfig"; sourceTree = "<group>"; };
		882A63EF69E689B7DE65AF32 /* Pods_weather.framework */ = {isa = PBXFileReference; explicitFileType = wrapper.framework; includeInIndex = 0; path = Pods_weather.framework; sourceTree = BUILT_PRODUCTS_DIR; };
		D19584354E1A0D53BC55E14A /* Pods-weather.debug.xcconfig */ = {isa = PBXFileReference; includeInIndex = 1; lastKnownFileType = text.xcconfig; name = "Pods-weather.debug.xcconfig"; path = "Pods/Target Support Files/Pods-weather/Pods-weather.debug.xcconfig"; sourceTree = "<group>"; };
/* End PBXFileReference section */

/* Begin PBXFrameworksBuildPhase section */
		354112BD1F90D75C009BA67A /* Frameworks */ = {
			isa = PBXFrameworksBuildPhase;
			buildActionMask = 2147483647;
			files = (
				A86924CCE642EE1D58862988 /* Pods_weather.framework in Frameworks */,
			);
			runOnlyForDeploymentPostprocessing = 0;
		};
/* End PBXFrameworksBuildPhase section */

/* Begin PBXGroup section */
		1F74B228F93A4083077287FB /* Frameworks */ = {
			isa = PBXGroup;
			children = (
				882A63EF69E689B7DE65AF32 /* Pods_weather.framework */,
			);
			name = Frameworks;
			sourceTree = "<group>";
		};
		354112B71F90D75C009BA67A = {
			isa = PBXGroup;
			children = (
				354112C21F90D75C009BA67A /* weather */,
				354112C11F90D75C009BA67A /* Products */,
				B45CA8FBDEC20F5947FA2FBF /* Pods */,
				1F74B228F93A4083077287FB /* Frameworks */,
			);
			sourceTree = "<group>";
		};
		354112C11F90D75C009BA67A /* Products */ = {
			isa = PBXGroup;
			children = (
				354112C01F90D75C009BA67A /* weather.app */,
			);
			name = Products;
			sourceTree = "<group>";
		};
		354112C21F90D75C009BA67A /* weather */ = {
			isa = PBXGroup;
			children = (
				356DD51B1FB380FC00A37900 /* Assets.xcassets */,
				354112C71F90D75C009BA67A /* Main.storyboard */,
				354112CF1F90D75C009BA67A /* LaunchScreen.storyboard */,
				354112D21F90D75C009BA67A /* Info.plist */,
				354112CA1F90D75C009BA67A /* weather.xcdatamodeld */,
				354112C31F90D75C009BA67A /* AppDelegate.swift */,
				356DD50E1FB2F4C600A37900 /* Protocols.swift */,
				356DD5101FB3174C00A37900 /* SettingsController.swift */,
				354112C51F90D75C009BA67A /* ViewController.swift */,
				35FC0E651F99FFF2003B3CAF /* NavigationController.swift */,
				35ABBD021FACA9B9000F894C /* NetworkController.swift */,
				356DD50C1FB2F4B100A37900 /* WeatherModel.swift */,
			);
			path = weather;
			sourceTree = "<group>";
		};
		B45CA8FBDEC20F5947FA2FBF /* Pods */ = {
			isa = PBXGroup;
			children = (
				D19584354E1A0D53BC55E14A /* Pods-weather.debug.xcconfig */,
				6F25437D5A18D6261BF96BDA /* Pods-weather.release.xcconfig */,
			);
			name = Pods;
			sourceTree = "<group>";
		};
/* End PBXGroup section */

/* Begin PBXNativeTarget section */
		354112BF1F90D75C009BA67A /* weather */ = {
			isa = PBXNativeTarget;
			buildConfigurationList = 354112D51F90D75C009BA67A /* Build configuration list for PBXNativeTarget "weather" */;
			buildPhases = (
				37BFFAE7A2777BFA1FC341B5 /* [CP] Check Pods Manifest.lock */,
				354112BC1F90D75C009BA67A /* Sources */,
				354112BD1F90D75C009BA67A /* Frameworks */,
				354112BE1F90D75C009BA67A /* Resources */,
				9188D121812D060EE9462284 /* [CP] Embed Pods Frameworks */,
				D61E1952039BBBF073976BB5 /* [CP] Copy Pods Resources */,
			);
			buildRules = (
			);
			dependencies = (
			);
			name = weather;
			productName = weather;
			productReference = 354112C01F90D75C009BA67A /* weather.app */;
			productType = "com.apple.product-type.application";
		};
/* End PBXNativeTarget section */

/* Begin PBXProject section */
		354112B81F90D75C009BA67A /* Project object */ = {
			isa = PBXProject;
			attributes = {
				LastSwiftUpdateCheck = 0900;
				LastUpgradeCheck = 0900;
				ORGANIZATIONNAME = "Leon Erath";
				TargetAttributes = {
					354112BF1F90D75C009BA67A = {
						CreatedOnToolsVersion = 9.0;
						ProvisioningStyle = Automatic;
						SystemCapabilities = {
							com.apple.BackgroundModes = {
								enabled = 1;
							};
						};
					};
				};
			};
			buildConfigurationList = 354112BB1F90D75C009BA67A /* Build configuration list for PBXProject "weather" */;
			compatibilityVersion = "Xcode 8.0";
			developmentRegion = en;
			hasScannedForEncodings = 0;
			knownRegions = (
				en,
				Base,
			);
			mainGroup = 354112B71F90D75C009BA67A;
			productRefGroup = 354112C11F90D75C009BA67A /* Products */;
			projectDirPath = "";
			projectRoot = "";
			targets = (
				354112BF1F90D75C009BA67A /* weather */,
			);
		};
/* End PBXProject section */

/* Begin PBXResourcesBuildPhase section */
		354112BE1F90D75C009BA67A /* Resources */ = {
			isa = PBXResourcesBuildPhase;
			buildActionMask = 2147483647;
			files = (
				354112D11F90D75C009BA67A /* LaunchScreen.storyboard in Resources */,
				356DD51C1FB380FC00A37900 /* Assets.xcassets in Resources */,
				354112C91F90D75C009BA67A /* Main.storyboard in Resources */,
			);
			runOnlyForDeploymentPostprocessing = 0;
		};
/* End PBXResourcesBuildPhase section */

/* Begin PBXShellScriptBuildPhase section */
		37BFFAE7A2777BFA1FC341B5 /* [CP] Check Pods Manifest.lock */ = {
			isa = PBXShellScriptBuildPhase;
			buildActionMask = 2147483647;
			files = (
			);
			inputPaths = (
			);
			name = "[CP] Check Pods Manifest.lock";
			outputPaths = (
			);
			runOnlyForDeploymentPostprocessing = 0;
			shellPath = /bin/sh;
			shellScript = "diff \"${PODS_ROOT}/../Podfile.lock\" \"${PODS_ROOT}/Manifest.lock\" > /dev/null\nif [ $? != 0 ] ; then\n    # print error to STDERR\n    echo \"error: The sandbox is not in sync with the Podfile.lock. Run 'pod install' or update your CocoaPods installation.\" >&2\n    exit 1\nfi\n";
			showEnvVarsInLog = 0;
		};
		9188D121812D060EE9462284 /* [CP] Embed Pods Frameworks */ = {
			isa = PBXShellScriptBuildPhase;
			buildActionMask = 2147483647;
			files = (
			);
			inputPaths = (
			);
			name = "[CP] Embed Pods Frameworks";
			outputPaths = (
			);
			runOnlyForDeploymentPostprocessing = 0;
			shellPath = /bin/sh;
			shellScript = "\"${SRCROOT}/Pods/Target Support Files/Pods-weather/Pods-weather-frameworks.sh\"\n";
			showEnvVarsInLog = 0;
		};
		D61E1952039BBBF073976BB5 /* [CP] Copy Pods Resources */ = {
			isa = PBXShellScriptBuildPhase;
			buildActionMask = 2147483647;
			files = (
			);
			inputPaths = (
			);
			name = "[CP] Copy Pods Resources";
			outputPaths = (
			);
			runOnlyForDeploymentPostprocessing = 0;
			shellPath = /bin/sh;
			shellScript = "\"${SRCROOT}/Pods/Target Support Files/Pods-weather/Pods-weather-resources.sh\"\n";
			showEnvVarsInLog = 0;
		};
/* End PBXShellScriptBuildPhase section */

/* Begin PBXSourcesBuildPhase section */
		354112BC1F90D75C009BA67A /* Sources */ = {
			isa = PBXSourcesBuildPhase;
			buildActionMask = 2147483647;
			files = (
				356DD5111FB3174C00A37900 /* SettingsController.swift in Sources */,
				354112CC1F90D75C009BA67A /* weather.xcdatamodeld in Sources */,
				35FC0E661F99FFF2003B3CAF /* NavigationController.swift in Sources */,
				356DD50F1FB2F4C600A37900 /* Protocols.swift in Sources */,
				35ABBD031FACA9B9000F894C /* NetworkController.swift in Sources */,
				354112C61F90D75C009BA67A /* ViewController.swift in Sources */,
				356DD50D1FB2F4B100A37900 /* WeatherModel.swift in Sources */,
				354112C41F90D75C009BA67A /* AppDelegate.swift in Sources */,
			);
			runOnlyForDeploymentPostprocessing = 0;
		};
/* End PBXSourcesBuildPhase section */

/* Begin PBXVariantGroup section */
		354112C71F90D75C009BA67A /* Main.storyboard */ = {
			isa = PBXVariantGroup;
			children = (
				354112C81F90D75C009BA67A /* Base */,
			);
			name = Main.storyboard;
			sourceTree = "<group>";
		};
		354112CF1F90D75C009BA67A /* LaunchScreen.storyboard */ = {
			isa = PBXVariantGroup;
			children = (
				354112D01F90D75C009BA67A /* Base */,
			);
			name = LaunchScreen.storyboard;
			sourceTree = "<group>";
		};
/* End PBXVariantGroup section */

/* Begin XCBuildConfiguration section */
		354112D31F90D75C009BA67A /* Debug */ = {
			isa = XCBuildConfiguration;
			buildSettings = {
				ALWAYS_SEARCH_USER_PATHS = NO;
				CLANG_ANALYZER_NONNULL = YES;
				CLANG_ANALYZER_NUMBER_OBJECT_CONVERSION = YES_AGGRESSIVE;
				CLANG_CXX_LANGUAGE_STANDARD = "gnu++14";
				CLANG_CXX_LIBRARY = "libc++";
				CLANG_ENABLE_MODULES = YES;
				CLANG_ENABLE_OBJC_ARC = YES;
				CLANG_WARN_BLOCK_CAPTURE_AUTORELEASING = YES;
				CLANG_WARN_BOOL_CONVERSION = YES;
				CLANG_WARN_COMMA = YES;
				CLANG_WARN_CONSTANT_CONVERSION = YES;
				CLANG_WARN_DIRECT_OBJC_ISA_USAGE = YES_ERROR;
				CLANG_WARN_DOCUMENTATION_COMMENTS = YES;
				CLANG_WARN_EMPTY_BODY = YES;
				CLANG_WARN_ENUM_CONVERSION = YES;
				CLANG_WARN_INFINITE_RECURSION = YES;
				CLANG_WARN_INT_CONVERSION = YES;
				CLANG_WARN_NON_LITERAL_NULL_CONVERSION = YES;
				CLANG_WARN_OBJC_LITERAL_CONVERSION = YES;
				CLANG_WARN_OBJC_ROOT_CLASS = YES_ERROR;
				CLANG_WARN_RANGE_LOOP_ANALYSIS = YES;
				CLANG_WARN_STRICT_PROTOTYPES = YES;
				CLANG_WARN_SUSPICIOUS_MOVE = YES;
				CLANG_WARN_UNGUARDED_AVAILABILITY = YES_AGGRESSIVE;
				CLANG_WARN_UNREACHABLE_CODE = YES;
				CLANG_WARN__DUPLICATE_METHOD_MATCH = YES;
				CODE_SIGN_IDENTITY = "iPhone Developer";
				COPY_PHASE_STRIP = NO;
				DEBUG_INFORMATION_FORMAT = dwarf;
				ENABLE_STRICT_OBJC_MSGSEND = YES;
				ENABLE_TESTABILITY = YES;
				GCC_C_LANGUAGE_STANDARD = gnu11;
				GCC_DYNAMIC_NO_PIC = NO;
				GCC_NO_COMMON_BLOCKS = YES;
				GCC_OPTIMIZATION_LEVEL = 0;
				GCC_PREPROCESSOR_DEFINITIONS = (
					"DEBUG=1",
					"$(inherited)",
				);
				GCC_WARN_64_TO_32_BIT_CONVERSION = YES;
				GCC_WARN_ABOUT_RETURN_TYPE = YES_ERROR;
				GCC_WARN_UNDECLARED_SELECTOR = YES;
				GCC_WARN_UNINITIALIZED_AUTOS = YES_AGGRESSIVE;
				GCC_WARN_UNUSED_FUNCTION = YES;
				GCC_WARN_UNUSED_VARIABLE = YES;
				IPHONEOS_DEPLOYMENT_TARGET = 11.0;
				MTL_ENABLE_DEBUG_INFO = YES;
				ONLY_ACTIVE_ARCH = YES;
				SDKROOT = iphoneos;
				SWIFT_ACTIVE_COMPILATION_CONDITIONS = DEBUG;
				SWIFT_OPTIMIZATION_LEVEL = "-Onone";
			};
			name = Debug;
		};
		354112D41F90D75C009BA67A /* Release */ = {
			isa = XCBuildConfiguration;
			buildSettings = {
				ALWAYS_SEARCH_USER_PATHS = NO;
				CLANG_ANALYZER_NONNULL = YES;
				CLANG_ANALYZER_NUMBER_OBJECT_CONVERSION = YES_AGGRESSIVE;
				CLANG_CXX_LANGUAGE_STANDARD = "gnu++14";
				CLANG_CXX_LIBRARY = "libc++";
				CLANG_ENABLE_MODULES = YES;
				CLANG_ENABLE_OBJC_ARC = YES;
				CLANG_WARN_BLOCK_CAPTURE_AUTORELEASING = YES;
				CLANG_WARN_BOOL_CONVERSION = YES;
				CLANG_WARN_COMMA = YES;
				CLANG_WARN_CONSTANT_CONVERSION = YES;
				CLANG_WARN_DIRECT_OBJC_ISA_USAGE = YES_ERROR;
				CLANG_WARN_DOCUMENTATION_COMMENTS = YES;
				CLANG_WARN_EMPTY_BODY = YES;
				CLANG_WARN_ENUM_CONVERSION = YES;
				CLANG_WARN_INFINITE_RECURSION = YES;
				CLANG_WARN_INT_CONVERSION = YES;
				CLANG_WARN_NON_LITERAL_NULL_CONVERSION = YES;
				CLANG_WARN_OBJC_LITERAL_CONVERSION = YES;
				CLANG_WARN_OBJC_ROOT_CLASS = YES_ERROR;
				CLANG_WARN_RANGE_LOOP_ANALYSIS = YES;
				CLANG_WARN_STRICT_PROTOTYPES = YES;
				CLANG_WARN_SUSPICIOUS_MOVE = YES;
				CLANG_WARN_UNGUARDED_AVAILABILITY = YES_AGGRESSIVE;
				CLANG_WARN_UNREACHABLE_CODE = YES;
				CLANG_WARN__DUPLICATE_METHOD_MATCH = YES;
				CODE_SIGN_IDENTITY = "iPhone Developer";
				COPY_PHASE_STRIP = NO;
				DEBUG_INFORMATION_FORMAT = "dwarf-with-dsym";
				ENABLE_NS_ASSERTIONS = NO;
				ENABLE_STRICT_OBJC_MSGSEND = YES;
				GCC_C_LANGUAGE_STANDARD = gnu11;
				GCC_NO_COMMON_BLOCKS = YES;
				GCC_WARN_64_TO_32_BIT_CONVERSION = YES;
				GCC_WARN_ABOUT_RETURN_TYPE = YES_ERROR;
				GCC_WARN_UNDECLARED_SELECTOR = YES;
				GCC_WARN_UNINITIALIZED_AUTOS = YES_AGGRESSIVE;
				GCC_WARN_UNUSED_FUNCTION = YES;
				GCC_WARN_UNUSED_VARIABLE = YES;
				IPHONEOS_DEPLOYMENT_TARGET = 11.0;
				MTL_ENABLE_DEBUG_INFO = NO;
				SDKROOT = iphoneos;
				SWIFT_OPTIMIZATION_LEVEL = "-Owholemodule";
				VALIDATE_PRODUCT = YES;
			};
			name = Release;
		};
		354112D61F90D75C009BA67A /* Debug */ = {
			isa = XCBuildConfiguration;
			baseConfigurationReference = D19584354E1A0D53BC55E14A /* Pods-weather.debug.xcconfig */;
			buildSettings = {
				ASSETCATALOG_COMPILER_APPICON_NAME = AppIcon;
				CODE_SIGN_STYLE = Automatic;
				INFOPLIST_FILE = weather/Info.plist;
				LD_RUNPATH_SEARCH_PATHS = "$(inherited) @executable_path/Frameworks";
				PRODUCT_BUNDLE_IDENTIFIER = le.weather;
				PRODUCT_NAME = "$(TARGET_NAME)";
				SWIFT_VERSION = 4.0;
				TARGETED_DEVICE_FAMILY = "1,2";
			};
			name = Debug;
		};
		354112D71F90D75C009BA67A /* Release */ = {
			isa = XCBuildConfiguration;
			baseConfigurationReference = 6F25437D5A18D6261BF96BDA /* Pods-weather.release.xcconfig */;
			buildSettings = {
				ASSETCATALOG_COMPILER_APPICON_NAME = AppIcon;
				CODE_SIGN_STYLE = Automatic;
				INFOPLIST_FILE = weather/Info.plist;
				LD_RUNPATH_SEARCH_PATHS = "$(inherited) @executable_path/Frameworks";
				PRODUCT_BUNDLE_IDENTIFIER = le.weather;
				PRODUCT_NAME = "$(TARGET_NAME)";
				SWIFT_VERSION = 4.0;
				TARGETED_DEVICE_FAMILY = "1,2";
			};
			name = Release;
		};
/* End XCBuildConfiguration section */

/* Begin XCConfigurationList section */
		354112BB1F90D75C009BA67A /* Build configuration list for PBXProject "weather" */ = {
			isa = XCConfigurationList;
			buildConfigurations = (
				354112D31F90D75C009BA67A /* Debug */,
				354112D41F90D75C009BA67A /* Release */,
			);
			defaultConfigurationIsVisible = 0;
			defaultConfigurationName = Release;
		};
		354112D51F90D75C009BA67A /* Build configuration list for PBXNativeTarget "weather" */ = {
			isa = XCConfigurationList;
			buildConfigurations = (
				354112D61F90D75C009BA67A /* Debug */,
				354112D71F90D75C009BA67A /* Release */,
			);
			defaultConfigurationIsVisible = 0;
			defaultConfigurationName = Release;
		};
/* End XCConfigurationList section */

/* Begin XCVersionGroup section */
		354112CA1F90D75C009BA67A /* weather.xcdatamodeld */ = {
			isa = XCVersionGroup;
			children = (
				354112CB1F90D75C009BA67A /* weather.xcdatamodel */,
			);
			currentVersion = 354112CB1F90D75C009BA67A /* weather.xcdatamodel */;
			path = weather.xcdatamodeld;
			sourceTree = "<group>";
			versionGroupType = wrapper.xcdatamodel;
		};
/* End XCVersionGroup section */
	};
	rootObject = 354112B81F90D75C009BA67A /* Project object */;
}
